
Microsoft Visual Studio Solution File, Format Version 12.00
# Visual Studio Version 17
VisualStudioVersion = 17.6.33815.320
MinimumVisualStudioVersion = 10.0.40219.1
Project("{FAE04EC0-301F-11D3-BF4B-00C04F79EFBC}") = "LoginAuthProject.Android", "LoginAuthProject.Android\LoginAuthProject.Android.csproj", "{3E782D2B-2AF7-4BD6-A5C3-A7D9484DFED9}"
EndProject
Project("{FAE04EC0-301F-11D3-BF4B-00C04F79EFBC}") = "LoginAuthProject.iOS", "LoginAuthProject.iOS\LoginAuthProject.iOS.csproj", "{1EB5CCD7-A45F-4CF6-9EEE-8F31EFD7FFE7}"
EndProject
Project("{9A19103F-16F7-4668-BE54-9A1E7A4F7556}") = "LoginAuthProject", "LoginAuthProject\LoginAuthProject.csproj", "{A2D8D120-A979-46FC-876A-C9AB5278F629}"
EndProject
Project("{FAE04EC0-301F-11D3-BF4B-00C04F79EFBC}") = "LoginAuthTestSample.Specs", "LoginAuthTestSample.Specs\LoginAuthTestSample.Specs.csproj", "{C901E798-4E87-4E88-B446-B5540C894DE7}"
EndProject
Global
	GlobalSection(SolutionConfigurationPlatforms) = preSolution
		Debug|Any CPU = Debug|Any CPU
		Debug|iPhone = Debug|iPhone
		Debug|iPhoneSimulator = Debug|iPhoneSimulator
		Release|Any CPU = Release|Any CPU
		Release|iPhone = Release|iPhone
		Release|iPhoneSimulator = Release|iPhoneSimulator
	EndGlobalSection
	GlobalSection(ProjectConfigurationPlatforms) = postSolution
		{3E782D2B-2AF7-4BD6-A5C3-A7D9484DFED9}.Debug|Any CPU.ActiveCfg = Debug|Any CPU
		{3E782D2B-2AF7-4BD6-A5C3-A7D9484DFED9}.Debug|Any CPU.Build.0 = Debug|Any CPU
		{3E782D2B-2AF7-4BD6-A5C3-A7D9484DFED9}.Debug|Any CPU.Deploy.0 = Debug|Any CPU
		{3E782D2B-2AF7-4BD6-A5C3-A7D9484DFED9}.Debug|iPhone.ActiveCfg = Debug|Any CPU
		{3E782D2B-2AF7-4BD6-A5C3-A7D9484DFED9}.Debug|iPhone.Build.0 = Debug|Any CPU
		{3E782D2B-2AF7-4BD6-A5C3-A7D9484DFED9}.Debug|iPhone.Deploy.0 = Debug|Any CPU
		{3E782D2B-2AF7-4BD6-A5C3-A7D9484DFED9}.Debug|iPhoneSimulator.ActiveCfg = Debug|Any CPU
		{3E782D2B-2AF7-4BD6-A5C3-A7D9484DFED9}.Debug|iPhoneSimulator.Build.0 = Debug|Any CPU
		{3E782D2B-2AF7-4BD6-A5C3-A7D9484DFED9}.Debug|iPhoneSimulator.Deploy.0 = Debug|Any CPU
		{3E782D2B-2AF7-4BD6-A5C3-A7D9484DFED9}.Release|Any CPU.ActiveCfg = Release|Any CPU
		{3E782D2B-2AF7-4BD6-A5C3-A7D9484DFED9}.Release|Any CPU.Build.0 = Release|Any CPU
		{3E782D2B-2AF7-4BD6-A5C3-A7D9484DFED9}.Release|Any CPU.Deploy.0 = Release|Any CPU
		{3E782D2B-2AF7-4BD6-A5C3-A7D9484DFED9}.Release|iPhone.ActiveCfg = Release|Any CPU
		{3E782D2B-2AF7-4BD6-A5C3-A7D9484DFED9}.Release|iPhone.Build.0 = Release|Any CPU
		{3E782D2B-2AF7-4BD6-A5C3-A7D9484DFED9}.Release|iPhone.Deploy.0 = Release|Any CPU
		{3E782D2B-2AF7-4BD6-A5C3-A7D9484DFED9}.Release|iPhoneSimulator.ActiveCfg = Release|Any CPU
		{3E782D2B-2AF7-4BD6-A5C3-A7D9484DFED9}.Release|iPhoneSimulator.Build.0 = Release|Any CPU
		{3E782D2B-2AF7-4BD6-A5C3-A7D9484DFED9}.Release|iPhoneSimulator.Deploy.0 = Release|Any CPU
		{1EB5CCD7-A45F-4CF6-9EEE-8F31EFD7FFE7}.Debug|Any CPU.ActiveCfg = Debug|iPhone
		{1EB5CCD7-A45F-4CF6-9EEE-8F31EFD7FFE7}.Debug|Any CPU.Build.0 = Debug|iPhone
		{1EB5CCD7-A45F-4CF6-9EEE-8F31EFD7FFE7}.Debug|Any CPU.Deploy.0 = Debug|iPhone
		{1EB5CCD7-A45F-4CF6-9EEE-8F31EFD7FFE7}.Debug|iPhone.ActiveCfg = Debug|iPhone
		{1EB5CCD7-A45F-4CF6-9EEE-8F31EFD7FFE7}.Debug|iPhone.Build.0 = Debug|iPhone
		{1EB5CCD7-A45F-4CF6-9EEE-8F31EFD7FFE7}.Debug|iPhone.Deploy.0 = Debug|iPhone
		{1EB5CCD7-A45F-4CF6-9EEE-8F31EFD7FFE7}.Debug|iPhoneSimulator.ActiveCfg = Debug|iPhoneSimulator
		{1EB5CCD7-A45F-4CF6-9EEE-8F31EFD7FFE7}.Debug|iPhoneSimulator.Build.0 = Debug|iPhoneSimulator
		{1EB5CCD7-A45F-4CF6-9EEE-8F31EFD7FFE7}.Debug|iPhoneSimulator.Deploy.0 = Debug|iPhoneSimulator
		{1EB5CCD7-A45F-4CF6-9EEE-8F31EFD7FFE7}.Release|Any CPU.ActiveCfg = Release|iPhoneSimulator
		{1EB5CCD7-A45F-4CF6-9EEE-8F31EFD7FFE7}.Release|Any CPU.Build.0 = Release|iPhoneSimulator
		{1EB5CCD7-A45F-4CF6-9EEE-8F31EFD7FFE7}.Release|Any CPU.Deploy.0 = Release|iPhoneSimulator
		{1EB5CCD7-A45F-4CF6-9EEE-8F31EFD7FFE7}.Release|iPhone.ActiveCfg = Release|iPhone
		{1EB5CCD7-A45F-4CF6-9EEE-8F31EFD7FFE7}.Release|iPhone.Build.0 = Release|iPhone
		{1EB5CCD7-A45F-4CF6-9EEE-8F31EFD7FFE7}.Release|iPhone.Deploy.0 = Release|iPhone
		{1EB5CCD7-A45F-4CF6-9EEE-8F31EFD7FFE7}.Release|iPhoneSimulator.ActiveCfg = Release|iPhoneSimulator
		{1EB5CCD7-A45F-4CF6-9EEE-8F31EFD7FFE7}.Release|iPhoneSimulator.Build.0 = Release|iPhoneSimulator
		{1EB5CCD7-A45F-4CF6-9EEE-8F31EFD7FFE7}.Release|iPhoneSimulator.Deploy.0 = Release|iPhoneSimulator
		{A2D8D120-A979-46FC-876A-C9AB5278F629}.Debug|Any CPU.ActiveCfg = Debug|Any CPU
		{A2D8D120-A979-46FC-876A-C9AB5278F629}.Debug|Any CPU.Build.0 = Debug|Any CPU
		{A2D8D120-A979-46FC-876A-C9AB5278F629}.Debug|Any CPU.Deploy.0 = Debug|Any CPU
		{A2D8D120-A979-46FC-876A-C9AB5278F629}.Debug|iPhone.ActiveCfg = Debug|Any CPU
		{A2D8D120-A979-46FC-876A-C9AB5278F629}.Debug|iPhone.Build.0 = Debug|Any CPU
		{A2D8D120-A979-46FC-876A-C9AB5278F629}.Debug|iPhone.Deploy.0 = Debug|Any CPU
		{A2D8D120-A979-46FC-876A-C9AB5278F629}.Debug|iPhoneSimulator.ActiveCfg = Debug|Any CPU
		{A2D8D120-A979-46FC-876A-C9AB5278F629}.Debug|iPhoneSimulator.Build.0 = Debug|Any CPU
		{A2D8D120-A979-46FC-876A-C9AB5278F629}.Debug|iPhoneSimulator.Deploy.0 = Debug|Any CPU
		{A2D8D120-A979-46FC-876A-C9AB5278F629}.Release|Any CPU.ActiveCfg = Release|Any CPU
		{A2D8D120-A979-46FC-876A-C9AB5278F629}.Release|Any CPU.Build.0 = Release|Any CPU
		{A2D8D120-A979-46FC-876A-C9AB5278F629}.Release|Any CPU.Deploy.0 = Release|Any CPU
		{A2D8D120-A979-46FC-876A-C9AB5278F629}.Release|iPhone.ActiveCfg = Release|Any CPU
		{A2D8D120-A979-46FC-876A-C9AB5278F629}.Release|iPhone.Build.0 = Release|Any CPU
		{A2D8D120-A979-46FC-876A-C9AB5278F629}.Release|iPhone.Deploy.0 = Release|Any CPU
		{A2D8D120-A979-46FC-876A-C9AB5278F629}.Release|iPhoneSimulator.ActiveCfg = Release|Any CPU
		{A2D8D120-A979-46FC-876A-C9AB5278F629}.Release|iPhoneSimulator.Build.0 = Release|Any CPU
		{A2D8D120-A979-46FC-876A-C9AB5278F629}.Release|iPhoneSimulator.Deploy.0 = Release|Any CPU
		{C901E798-4E87-4E88-B446-B5540C894DE7}.Debug|Any CPU.ActiveCfg = Debug|Any CPU
		{C901E798-4E87-4E88-B446-B5540C894DE7}.Debug|Any CPU.Build.0 = Debug|Any CPU
		{C901E798-4E87-4E88-B446-B5540C894DE7}.Debug|iPhone.ActiveCfg = Debug|Any CPU
		{C901E798-4E87-4E88-B446-B5540C894DE7}.Debug|iPhone.Build.0 = Debug|Any CPU
		{C901E798-4E87-4E88-B446-B5540C894DE7}.Debug|iPhoneSimulator.ActiveCfg = Debug|Any CPU
		{C901E798-4E87-4E88-B446-B5540C894DE7}.Debug|iPhoneSimulator.Build.0 = Debug|Any CPU
		{C901E798-4E87-4E88-B446-B5540C894DE7}.Release|Any CPU.ActiveCfg = Release|Any CPU
		{C901E798-4E87-4E88-B446-B5540C894DE7}.Release|Any CPU.Build.0 = Release|Any CPU
		{C901E798-4E87-4E88-B446-B5540C894DE7}.Release|iPhone.ActiveCfg = Release|Any CPU
		{C901E798-4E87-4E88-B446-B5540C894DE7}.Release|iPhone.Build.0 = Release|Any CPU
		{C901E798-4E87-4E88-B446-B5540C894DE7}.Release|iPhoneSimulator.ActiveCfg = Release|Any CPU
		{C901E798-4E87-4E88-B446-B5540C894DE7}.Release|iPhoneSimulator.Build.0 = Release|Any CPU
	EndGlobalSection
	GlobalSection(SolutionProperties) = preSolution
		HideSolutionNode = FALSE
	EndGlobalSection
	GlobalSection(ExtensibilityGlobals) = postSolution
		SolutionGuid = {A37C2929-5285-4517-ADB1-80CB6DA6244C}
	EndGlobalSection
EndGlobal
